// !$*UTF8*$!
{
	archiveVersion = 1;
	classes = {
	};
	objectVersion = 52;
	objects = {

/* Begin PBXBuildFile section */
		469070672699608D00984A24 /* SpinaeApp.swift in Sources */ = {isa = PBXBuildFile; fileRef = 469070662699608D00984A24 /* SpinaeApp.swift */; };
		469070692699608D00984A24 /* ContentView.swift in Sources */ = {isa = PBXBuildFile; fileRef = 469070682699608D00984A24 /* ContentView.swift */; };
		4690706B2699608F00984A24 /* Assets.xcassets in Resources */ = {isa = PBXBuildFile; fileRef = 4690706A2699608F00984A24 /* Assets.xcassets */; };
		4690706E2699608F00984A24 /* Preview Assets.xcassets in Resources */ = {isa = PBXBuildFile; fileRef = 4690706D2699608F00984A24 /* Preview Assets.xcassets */; };
		46907078269961DB00984A24 /* RxCocoa in Frameworks */ = {isa = PBXBuildFile; productRef = 46907077269961DB00984A24 /* RxCocoa */; };
		4690707A269961DB00984A24 /* RxSwift in Frameworks */ = {isa = PBXBuildFile; productRef = 46907079269961DB00984A24 /* RxSwift */; };
/* End PBXBuildFile section */

/* Begin PBXFileReference section */
		469070632699608D00984A24 /* Spinae.app */ = {isa = PBXFileReference; explicitFileType = wrapper.application; includeInIndex = 0; path = Spinae.app; sourceTree = BUILT_PRODUCTS_DIR; };
		469070662699608D00984A24 /* SpinaeApp.swift */ = {isa = PBXFileReference; lastKnownFileType = sourcecode.swift; path = SpinaeApp.swift; sourceTree = "<group>"; };
		469070682699608D00984A24 /* ContentView.swift */ = {isa = PBXFileReference; lastKnownFileType = sourcecode.swift; path = ContentView.swift; sourceTree = "<group>"; };
		4690706A2699608F00984A24 /* Assets.xcassets */ = {isa = PBXFileReference; lastKnownFileType = folder.assetcatalog; path = Assets.xcassets; sourceTree = "<group>"; };
		4690706D2699608F00984A24 /* Preview Assets.xcassets */ = {isa = PBXFileReference; lastKnownFileType = folder.assetcatalog; path = "Preview Assets.xcassets"; sourceTree = "<group>"; };
		4690706F2699608F00984A24 /* Info.plist */ = {isa = PBXFileReference; lastKnownFileType = text.plist.xml; path = Info.plist; sourceTree = "<group>"; };
		469070702699608F00984A24 /* Spinae.entitlements */ = {isa = PBXFileReference; lastKnownFileType = text.plist.entitlements; path = Spinae.entitlements; sourceTree = "<group>"; };
/* End PBXFileReference section */

/* Begin PBXFrameworksBuildPhase section */
		469070602699608D00984A24 /* Frameworks */ = {
			isa = PBXFrameworksBuildPhase;
			buildActionMask = 2147483647;
			files = (
				4690707A269961DB00984A24 /* RxSwift in Frameworks */,
				46907078269961DB00984A24 /* RxCocoa in Frameworks */,
			);
			runOnlyForDeploymentPostprocessing = 0;
		};
/* End PBXFrameworksBuildPhase section */

/* Begin PBXGroup section */
		4690705A2699608D00984A24 = {
			isa = PBXGroup;
			children = (
				469070652699608D00984A24 /* Spinae */,
				469070642699608D00984A24 /* Products */,
			);
			sourceTree = "<group>";
		};
		469070642699608D00984A24 /* Products */ = {
			isa = PBXGroup;
			children = (
				469070632699608D00984A24 /* Spinae.app */,
			);
			name = Products;
			sourceTree = "<group>";
		};
		469070652699608D00984A24 /* Spinae */ = {
			isa = PBXGroup;
			children = (
				469070662699608D00984A24 /* SpinaeApp.swift */,
				469070682699608D00984A24 /* ContentView.swift */,
				4690706A2699608F00984A24 /* Assets.xcassets */,
				4690706F2699608F00984A24 /* Info.plist */,
				469070702699608F00984A24 /* Spinae.entitlements */,
				4690706C2699608F00984A24 /* Preview Content */,
			);
			path = Spinae;
			sourceTree = "<group>";
		};
		4690706C2699608F00984A24 /* Preview Content */ = {
			isa = PBXGroup;
			children = (
				4690706D2699608F00984A24 /* Preview Assets.xcassets */,
			);
			path = "Preview Content";
			sourceTree = "<group>";
		};
/* End PBXGroup section */

/* Begin PBXNativeTarget section */
		469070622699608D00984A24 /* Spinae */ = {
			isa = PBXNativeTarget;
			buildConfigurationList = 469070732699608F00984A24 /* Build configuration list for PBXNativeTarget "Spinae" */;
			buildPhases = (
				4690705F2699608D00984A24 /* Sources */,
				469070602699608D00984A24 /* Frameworks */,
				469070612699608D00984A24 /* Resources */,
			);
			buildRules = (
			);
			dependencies = (
			);
			name = Spinae;
			packageProductDependencies = (
				46907077269961DB00984A24 /* RxCocoa */,
				46907079269961DB00984A24 /* RxSwift */,
			);
			productName = Spinae;
			productReference = 469070632699608D00984A24 /* Spinae.app */;
			productType = "com.apple.product-type.application";
		};
/* End PBXNativeTarget section */

/* Begin PBXProject section */
		4690705B2699608D00984A24 /* Project object */ = {
			isa = PBXProject;
			attributes = {
				LastSwiftUpdateCheck = 1250;
				LastUpgradeCheck = 1250;
				TargetAttributes = {
					469070622699608D00984A24 = {
						CreatedOnToolsVersion = 12.5.1;
					};
				};
			};
			buildConfigurationList = 4690705E2699608D00984A24 /* Build configuration list for PBXProject "Spinae" */;
			compatibilityVersion = "Xcode 9.3";
			developmentRegion = en;
			hasScannedForEncodings = 0;
			knownRegions = (
				en,
				Base,
			);
			mainGroup = 4690705A2699608D00984A24;
			packageReferences = (
				46907076269961DB00984A24 /* XCRemoteSwiftPackageReference "RxSwift" */,
			);
			productRefGroup = 469070642699608D00984A24 /* Products */;
			projectDirPath = "";
			projectRoot = "";
			targets = (
				469070622699608D00984A24 /* Spinae */,
			);
		};
/* End PBXProject section */

/* Begin PBXResourcesBuildPhase section */
		469070612699608D00984A24 /* Resources */ = {
			isa = PBXResourcesBuildPhase;
			buildActionMask = 2147483647;
			files = (
				4690706E2699608F00984A24 /* Preview Assets.xcassets in Resources */,
				4690706B2699608F00984A24 /* Assets.xcassets in Resources */,
			);
			runOnlyForDeploymentPostprocessing = 0;
		};
/* End PBXResourcesBuildPhase section */

/* Begin PBXSourcesBuildPhase section */
		4690705F2699608D00984A24 /* Sources */ = {
			isa = PBXSourcesBuildPhase;
			buildActionMask = 2147483647;
			files = (
				469070692699608D00984A24 /* ContentView.swift in Sources */,
				469070672699608D00984A24 /* SpinaeApp.swift in Sources */,
			);
			runOnlyForDeploymentPostprocessing = 0;
		};
/* End PBXSourcesBuildPhase section */

/* Begin XCBuildConfiguration section */
		469070712699608F00984A24 /* Debug */ = {
			isa = XCBuildConfiguration;
			buildSettings = {
				ALWAYS_SEARCH_USER_PATHS = NO;
				CLANG_ANALYZER_NONNULL = YES;
				CLANG_ANALYZER_NUMBER_OBJECT_CONVERSION = YES_AGGRESSIVE;
				CLANG_CXX_LANGUAGE_STANDARD = "gnu++14";
				CLANG_CXX_LIBRARY = "libc++";
				CLANG_ENABLE_MODULES = YES;
				CLANG_ENABLE_OBJC_ARC = YES;
				CLANG_ENABLE_OBJC_WEAK = YES;
				CLANG_WARN_BLOCK_CAPTURE_AUTORELEASING = YES;
				CLANG_WARN_BOOL_CONVERSION = YES;
				CLANG_WARN_COMMA = YES;
				CLANG_WARN_CONSTANT_CONVERSION = YES;
				CLANG_WARN_DEPRECATED_OBJC_IMPLEMENTATIONS = YES;
				CLANG_WARN_DIRECT_OBJC_ISA_USAGE = YES_ERROR;
				CLANG_WARN_DOCUMENTATION_COMMENTS = YES;
				CLANG_WARN_EMPTY_BODY = YES;
				CLANG_WARN_ENUM_CONVERSION = YES;
				CLANG_WARN_INFINITE_RECURSION = YES;
				CLANG_WARN_INT_CONVERSION = YES;
				CLANG_WARN_NON_LITERAL_NULL_CONVERSION = YES;
				CLANG_WARN_OBJC_IMPLICIT_RETAIN_SELF = YES;
				CLANG_WARN_OBJC_LITERAL_CONVERSION = YES;
				CLANG_WARN_OBJC_ROOT_CLASS = YES_ERROR;
				CLANG_WARN_QUOTED_INCLUDE_IN_FRAMEWORK_HEADER = YES;
				CLANG_WARN_RANGE_LOOP_ANALYSIS = YES;
				CLANG_WARN_STRICT_PROTOTYPES = YES;
				CLANG_WARN_SUSPICIOUS_MOVE = YES;
				CLANG_WARN_UNGUARDED_AVAILABILITY = YES_AGGRESSIVE;
				CLANG_WARN_UNREACHABLE_CODE = YES;
				CLANG_WARN__DUPLICATE_METHOD_MATCH = YES;
				COPY_PHASE_STRIP = NO;
				DEBUG_INFORMATION_FORMAT = dwarf;
				ENABLE_STRICT_OBJC_MSGSEND = YES;
				ENABLE_TESTABILITY = YES;
				GCC_C_LANGUAGE_STANDARD = gnu11;
				GCC_DYNAMIC_NO_PIC = NO;
				GCC_NO_COMMON_BLOCKS = YES;
				GCC_OPTIMIZATION_LEVEL = 0;
				GCC_PREPROCESSOR_DEFINITIONS = (
					"DEBUG=1",
					"$(inherited)",
				);
				GCC_WARN_64_TO_32_BIT_CONVERSION = YES;
				GCC_WARN_ABOUT_RETURN_TYPE = YES_ERROR;
				GCC_WARN_UNDECLARED_SELECTOR = YES;
				GCC_WARN_UNINITIALIZED_AUTOS = YES_AGGRESSIVE;
				GCC_WARN_UNUSED_FUNCTION = YES;
				GCC_WARN_UNUSED_VARIABLE = YES;
				MACOSX_DEPLOYMENT_TARGET = 11.3;
				MTL_ENABLE_DEBUG_INFO = INCLUDE_SOURCE;
				MTL_FAST_MATH = YES;
				ONLY_ACTIVE_ARCH = YES;
				SDKROOT = macosx;
				SWIFT_ACTIVE_COMPILATION_CONDITIONS = DEBUG;
				SWIFT_OPTIMIZATION_LEVEL = "-Onone";
			};
			name = Debug;
		};
		469070722699608F00984A24 /* Release */ = {
			isa = XCBuildConfiguration;
			buildSettings = {
				ALWAYS_SEARCH_USER_PATHS = NO;
				CLANG_ANALYZER_NONNULL = YES;
				CLANG_ANALYZER_NUMBER_OBJECT_CONVERSION = YES_AGGRESSIVE;
				CLANG_CXX_LANGUAGE_STANDARD = "gnu++14";
				CLANG_CXX_LIBRARY = "libc++";
				CLANG_ENABLE_MODULES = YES;
				CLANG_ENABLE_OBJC_ARC = YES;
				CLANG_ENABLE_OBJC_WEAK = YES;
				CLANG_WARN_BLOCK_CAPTURE_AUTORELEASING = YES;
				CLANG_WARN_BOOL_CONVERSION = YES;
				CLANG_WARN_COMMA = YES;
				CLANG_WARN_CONSTANT_CONVERSION = YES;
				CLANG_WARN_DEPRECATED_OBJC_IMPLEMENTATIONS = YES;
				CLANG_WARN_DIRECT_OBJC_ISA_USAGE = YES_ERROR;
				CLANG_WARN_DOCUMENTATION_COMMENTS = YES;
				CLANG_WARN_EMPTY_BODY = YES;
				CLANG_WARN_ENUM_CONVERSION = YES;
				CLANG_WARN_INFINITE_RECURSION = YES;
				CLANG_WARN_INT_CONVERSION = YES;
				CLANG_WARN_NON_LITERAL_NULL_CONVERSION = YES;
				CLANG_WARN_OBJC_IMPLICIT_RETAIN_SELF = YES;
				CLANG_WARN_OBJC_LITERAL_CONVERSION = YES;
				CLANG_WARN_OBJC_ROOT_CLASS = YES_ERROR;
				CLANG_WARN_QUOTED_INCLUDE_IN_FRAMEWORK_HEADER = YES;
				CLANG_WARN_RANGE_LOOP_ANALYSIS = YES;
				CLANG_WARN_STRICT_PROTOTYPES = YES;
				CLANG_WARN_SUSPICIOUS_MOVE = YES;
				CLANG_WARN_UNGUARDED_AVAILABILITY = YES_AGGRESSIVE;
				CLANG_WARN_UNREACHABLE_CODE = YES;
				CLANG_WARN__DUPLICATE_METHOD_MATCH = YES;
				COPY_PHASE_STRIP = NO;
				DEBUG_INFORMATION_FORMAT = "dwarf-with-dsym";
				ENABLE_NS_ASSERTIONS = NO;
				ENABLE_STRICT_OBJC_MSGSEND = YES;
				GCC_C_LANGUAGE_STANDARD = gnu11;
				GCC_NO_COMMON_BLOCKS = YES;
				GCC_WARN_64_TO_32_BIT_CONVERSION = YES;
				GCC_WARN_ABOUT_RETURN_TYPE = YES_ERROR;
				GCC_WARN_UNDECLARED_SELECTOR = YES;
				GCC_WARN_UNINITIALIZED_AUTOS = YES_AGGRESSIVE;
				GCC_WARN_UNUSED_FUNCTION = YES;
				GCC_WARN_UNUSED_VARIABLE = YES;
				MACOSX_DEPLOYMENT_TARGET = 11.3;
				MTL_ENABLE_DEBUG_INFO = NO;
				MTL_FAST_MATH = YES;
				SDKROOT = macosx;
				SWIFT_COMPILATION_MODE = wholemodule;
				SWIFT_OPTIMIZATION_LEVEL = "-O";
			};
			name = Release;
		};
		469070742699608F00984A24 /* Debug */ = {
			isa = XCBuildConfiguration;
			buildSettings = {
				ASSETCATALOG_COMPILER_APPICON_NAME = AppIcon;
				ASSETCATALOG_COMPILER_GLOBAL_ACCENT_COLOR_NAME = AccentColor;
				CODE_SIGN_ENTITLEMENTS = Spinae/Spinae.entitlements;
				CODE_SIGN_STYLE = Automatic;
				COMBINE_HIDPI_IMAGES = YES;
				DEVELOPMENT_ASSET_PATHS = "\"Spinae/Preview Content\"";
				ENABLE_PREVIEWS = YES;
				INFOPLIST_FILE = Spinae/Info.plist;
				LD_RUNPATH_SEARCH_PATHS = (
					"$(inherited)",
					"@executable_path/../Frameworks",
				);
				MACOSX_DEPLOYMENT_TARGET = 11.0;
				PRODUCT_BUNDLE_IDENTIFIER = jp.cordea.Spinae;
				PRODUCT_NAME = "$(TARGET_NAME)";
				SWIFT_VERSION = 5.0;
			};
			name = Debug;
		};
		469070752699608F00984A24 /* Release */ = {
			isa = XCBuildConfiguration;
			buildSettings = {
				ASSETCATALOG_COMPILER_APPICON_NAME = AppIcon;
				ASSETCATALOG_COMPILER_GLOBAL_ACCENT_COLOR_NAME = AccentColor;
				CODE_SIGN_ENTITLEMENTS = Spinae/Spinae.entitlements;
				CODE_SIGN_STYLE = Automatic;
				COMBINE_HIDPI_IMAGES = YES;
				DEVELOPMENT_ASSET_PATHS = "\"Spinae/Preview Content\"";
				ENABLE_PREVIEWS = YES;
				INFOPLIST_FILE = Spinae/Info.plist;
				LD_RUNPATH_SEARCH_PATHS = (
					"$(inherited)",
					"@executable_path/../Frameworks",
				);
				MACOSX_DEPLOYMENT_TARGET = 11.0;
				PRODUCT_BUNDLE_IDENTIFIER = jp.cordea.Spinae;
				PRODUCT_NAME = "$(TARGET_NAME)";
				SWIFT_VERSION = 5.0;
			};
			name = Release;
		};
/* End XCBuildConfiguration section */

/* Begin XCConfigurationList section */
		4690705E2699608D00984A24 /* Build configuration list for PBXProject "Spinae" */ = {
			isa = XCConfigurationList;
			buildConfigurations = (
				469070712699608F00984A24 /* Debug */,
				469070722699608F00984A24 /* Release */,
			);
			defaultConfigurationIsVisible = 0;
			defaultConfigurationName = Release;
		};
		469070732699608F00984A24 /* Build configuration list for PBXNativeTarget "Spinae" */ = {
			isa = XCConfigurationList;
			buildConfigurations = (
				469070742699608F00984A24 /* Debug */,
				469070752699608F00984A24 /* Release */,
			);
			defaultConfigurationIsVisible = 0;
			defaultConfigurationName = Release;
		};
/* End XCConfigurationList section */

/* Begin XCRemoteSwiftPackageReference section */
		46907076269961DB00984A24 /* XCRemoteSwiftPackageReference "RxSwift" */ = {
			isa = XCRemoteSwiftPackageReference;
			repositoryURL = "https://github.com/ReactiveX/RxSwift";
			requirement = {
				kind = upToNextMajorVersion;
				minimumVersion = 6.2.0;
			};
		};
/* End XCRemoteSwiftPackageReference section */

/* Begin XCSwiftPackageProductDependency section */
		46907077269961DB00984A24 /* RxCocoa */ = {
			isa = XCSwiftPackageProductDependency;
			package = 46907076269961DB00984A24 /* XCRemoteSwiftPackageReference "RxSwift" */;
			productName = RxCocoa;
		};
		46907079269961DB00984A24 /* RxSwift */ = {
			isa = XCSwiftPackageProductDependency;
			package = 46907076269961DB00984A24 /* XCRemoteSwiftPackageReference "RxSwift" */;
			productName = RxSwift;
		};
/* End XCSwiftPackageProductDependency section */
	};
	rootObject = 4690705B2699608D00984A24 /* Project object */;
}
